
Microsoft Visual Studio Solution File, Format Version 12.00
# Visual Studio Version 17
VisualStudioVersion = 17.12.35527.113 d17.12
MinimumVisualStudioVersion = 10.0.40219.1
Project("{FAE04EC0-301F-11D3-BF4B-00C04F79EFBC}") = "Assignment Linq02", "Assignment Linq02\Assignment Linq02.csproj", "{DA331C6F-E5A5-4D26-A292-4ABE7EE41B67}"
EndProject
Global
	GlobalSection(SolutionConfigurationPlatforms) = preSolution
		Debug|Any CPU = Debug|Any CPU
		Release|Any CPU = Release|Any CPU
	EndGlobalSection
	GlobalSection(ProjectConfigurationPlatforms) = postSolution
		{DA331C6F-E5A5-4D26-A292-4ABE7EE41B67}.Debug|Any CPU.ActiveCfg = Debug|Any CPU
		{DA331C6F-E5A5-4D26-A292-4ABE7EE41B67}.Debug|Any CPU.Build.0 = Debug|Any CPU
		{DA331C6F-E5A5-4D26-A292-4ABE7EE41B67}.Release|Any CPU.ActiveCfg = Release|Any CPU
		{DA331C6F-E5A5-4D26-A292-4ABE7EE41B67}.Release|Any CPU.Build.0 = Release|Any CPU
	EndGlobalSection
	GlobalSection(SolutionProperties) = preSolution
		HideSolutionNode = FALSE
	EndGlobalSection
EndGlobal
